
Microsoft Visual Studio Solution File, Format Version 12.00
# Visual Studio 15
VisualStudioVersion = 15.0.27130.2020
MinimumVisualStudioVersion = 10.0.40219.1
Project("{00D1A9C2-B5F0-4AF3-8072-F6C62B433612}") = "LeafDB", "LeafDB\LeafDB.sqlproj", "{C6B4F453-DDB5-4EE8-B651-CEFFC103C3FC}"
EndProject
Project("{FAE04EC0-301F-11D3-BF4B-00C04F79EFBC}") = "Leaf.DAL", "Leaf.DAL\Leaf.DAL.csproj", "{E4D55B70-5F70-4311-AEB0-AEF85D7E1DF2}"
EndProject
Project("{FAE04EC0-301F-11D3-BF4B-00C04F79EFBC}") = "Leaf.Web", "Leaf.Web\Leaf.Web.csproj", "{EDE3FC66-13AA-43CE-8F36-F38825F379B5}"
EndProject
Global
	GlobalSection(SolutionConfigurationPlatforms) = preSolution
		Debug|Any CPU = Debug|Any CPU
		Release|Any CPU = Release|Any CPU
	EndGlobalSection
	GlobalSection(ProjectConfigurationPlatforms) = postSolution
		{C6B4F453-DDB5-4EE8-B651-CEFFC103C3FC}.Debug|Any CPU.ActiveCfg = Debug|Any CPU
		{C6B4F453-DDB5-4EE8-B651-CEFFC103C3FC}.Debug|Any CPU.Build.0 = Debug|Any CPU
		{C6B4F453-DDB5-4EE8-B651-CEFFC103C3FC}.Debug|Any CPU.Deploy.0 = Debug|Any CPU
		{C6B4F453-DDB5-4EE8-B651-CEFFC103C3FC}.Release|Any CPU.ActiveCfg = Release|Any CPU
		{C6B4F453-DDB5-4EE8-B651-CEFFC103C3FC}.Release|Any CPU.Build.0 = Release|Any CPU
		{C6B4F453-DDB5-4EE8-B651-CEFFC103C3FC}.Release|Any CPU.Deploy.0 = Release|Any CPU
		{E4D55B70-5F70-4311-AEB0-AEF85D7E1DF2}.Debug|Any CPU.ActiveCfg = Debug|Any CPU
		{E4D55B70-5F70-4311-AEB0-AEF85D7E1DF2}.Debug|Any CPU.Build.0 = Debug|Any CPU
		{E4D55B70-5F70-4311-AEB0-AEF85D7E1DF2}.Release|Any CPU.ActiveCfg = Release|Any CPU
		{E4D55B70-5F70-4311-AEB0-AEF85D7E1DF2}.Release|Any CPU.Build.0 = Release|Any CPU
		{EDE3FC66-13AA-43CE-8F36-F38825F379B5}.Debug|Any CPU.ActiveCfg = Debug|Any CPU
		{EDE3FC66-13AA-43CE-8F36-F38825F379B5}.Debug|Any CPU.Build.0 = Debug|Any CPU
		{EDE3FC66-13AA-43CE-8F36-F38825F379B5}.Release|Any CPU.ActiveCfg = Release|Any CPU
		{EDE3FC66-13AA-43CE-8F36-F38825F379B5}.Release|Any CPU.Build.0 = Release|Any CPU
	EndGlobalSection
	GlobalSection(SolutionProperties) = preSolution
		HideSolutionNode = FALSE
	EndGlobalSection
	GlobalSection(ExtensibilityGlobals) = postSolution
		SolutionGuid = {4FF989B8-ED87-442B-ADD4-B7CCBEDAC9AE}
	EndGlobalSection
EndGlobal
